
Microsoft Visual Studio Solution File, Format Version 12.00
# Visual Studio Version 16
VisualStudioVersion = 16.0.30907.101
MinimumVisualStudioVersion = 10.0.40219.1
Project("{9A19103F-16F7-4668-BE54-9A1E7A4F7556}") = "FPSUnlocker", "FPSUnlocker\FPSUnlocker.csproj", "{F8242328-CC8B-489C-BCE2-AFCD06F79ADC}"
EndProject
Global
	GlobalSection(SolutionConfigurationPlatforms) = preSolution
		Debug|Any CPU = Debug|Any CPU
		Release|Any CPU = Release|Any CPU
	EndGlobalSection
	GlobalSection(ProjectConfigurationPlatforms) = postSolution
		{F8242328-CC8B-489C-BCE2-AFCD06F79ADC}.Debug|Any CPU.ActiveCfg = Debug|Any CPU
		{F8242328-CC8B-489C-BCE2-AFCD06F79ADC}.Debug|Any CPU.Build.0 = Debug|Any CPU
		{F8242328-CC8B-489C-BCE2-AFCD06F79ADC}.Release|Any CPU.ActiveCfg = Release|Any CPU
		{F8242328-CC8B-489C-BCE2-AFCD06F79ADC}.Release|Any CPU.Build.0 = Release|Any CPU
	EndGlobalSection
	GlobalSection(SolutionProperties) = preSolution
		HideSolutionNode = FALSE
	EndGlobalSection
	GlobalSection(ExtensibilityGlobals) = postSolution
		SolutionGuid = {377181A4-4998-4ED7-8BAF-D01E1D44CEB7}
	EndGlobalSection
EndGlobal
